
Microsoft Visual Studio Solution File, Format Version 12.00
# Visual Studio Version 17
VisualStudioVersion = 17.0.31912.275
MinimumVisualStudioVersion = 10.0.40219.1
Project("{FAE04EC0-301F-11D3-BF4B-00C04F79EFBC}") = "Silo", "Silo\Silo.csproj", "{C108C0B6-A5B9-445E-90DE-66C9305998CB}"
EndProject
Project("{FAE04EC0-301F-11D3-BF4B-00C04F79EFBC}") = "Client", "Client\Client.csproj", "{00099FA5-6DE0-4EED-8390-3EB169905E1B}"
EndProject
Project("{FAE04EC0-301F-11D3-BF4B-00C04F79EFBC}") = "GrainInterfaces", "GrainInterfaces\GrainInterfaces.csproj", "{6C5875EF-A835-4F6D-846B-D91D37757937}"
EndProject
Project("{FAE04EC0-301F-11D3-BF4B-00C04F79EFBC}") = "Grains", "Grains\Grains.csproj", "{303EAABD-6EE0-4CE8-B535-70C22F0DBB40}"
EndProject
Project("{FAE04EC0-301F-11D3-BF4B-00C04F79EFBC}") = "GrainsStorages", "GrainsStorages\GrainsStorages.csproj", "{E38B5187-B023-4009-8A1D-E15B5676C4F1}"
EndProject
Global
	GlobalSection(SolutionConfigurationPlatforms) = preSolution
		Debug|Any CPU = Debug|Any CPU
		Release|Any CPU = Release|Any CPU
	EndGlobalSection
	GlobalSection(ProjectConfigurationPlatforms) = postSolution
		{C108C0B6-A5B9-445E-90DE-66C9305998CB}.Debug|Any CPU.ActiveCfg = Debug|Any CPU
		{C108C0B6-A5B9-445E-90DE-66C9305998CB}.Debug|Any CPU.Build.0 = Debug|Any CPU
		{C108C0B6-A5B9-445E-90DE-66C9305998CB}.Release|Any CPU.ActiveCfg = Release|Any CPU
		{C108C0B6-A5B9-445E-90DE-66C9305998CB}.Release|Any CPU.Build.0 = Release|Any CPU
		{00099FA5-6DE0-4EED-8390-3EB169905E1B}.Debug|Any CPU.ActiveCfg = Debug|Any CPU
		{00099FA5-6DE0-4EED-8390-3EB169905E1B}.Debug|Any CPU.Build.0 = Debug|Any CPU
		{00099FA5-6DE0-4EED-8390-3EB169905E1B}.Release|Any CPU.ActiveCfg = Release|Any CPU
		{00099FA5-6DE0-4EED-8390-3EB169905E1B}.Release|Any CPU.Build.0 = Release|Any CPU
		{6C5875EF-A835-4F6D-846B-D91D37757937}.Debug|Any CPU.ActiveCfg = Debug|Any CPU
		{6C5875EF-A835-4F6D-846B-D91D37757937}.Debug|Any CPU.Build.0 = Debug|Any CPU
		{6C5875EF-A835-4F6D-846B-D91D37757937}.Release|Any CPU.ActiveCfg = Release|Any CPU
		{6C5875EF-A835-4F6D-846B-D91D37757937}.Release|Any CPU.Build.0 = Release|Any CPU
		{303EAABD-6EE0-4CE8-B535-70C22F0DBB40}.Debug|Any CPU.ActiveCfg = Debug|Any CPU
		{303EAABD-6EE0-4CE8-B535-70C22F0DBB40}.Debug|Any CPU.Build.0 = Debug|Any CPU
		{303EAABD-6EE0-4CE8-B535-70C22F0DBB40}.Release|Any CPU.ActiveCfg = Release|Any CPU
		{303EAABD-6EE0-4CE8-B535-70C22F0DBB40}.Release|Any CPU.Build.0 = Release|Any CPU
		{E38B5187-B023-4009-8A1D-E15B5676C4F1}.Debug|Any CPU.ActiveCfg = Debug|Any CPU
		{E38B5187-B023-4009-8A1D-E15B5676C4F1}.Debug|Any CPU.Build.0 = Debug|Any CPU
		{E38B5187-B023-4009-8A1D-E15B5676C4F1}.Release|Any CPU.ActiveCfg = Release|Any CPU
		{E38B5187-B023-4009-8A1D-E15B5676C4F1}.Release|Any CPU.Build.0 = Release|Any CPU
	EndGlobalSection
	GlobalSection(SolutionProperties) = preSolution
		HideSolutionNode = FALSE
	EndGlobalSection
	GlobalSection(ExtensibilityGlobals) = postSolution
		SolutionGuid = {FE62375A-46F2-433B-A3F9-D9DDF77E250C}
	EndGlobalSection
EndGlobal
